
Microsoft Visual Studio Solution File, Format Version 12.00
# Visual Studio Version 17
VisualStudioVersion = 17.5.33502.453
MinimumVisualStudioVersion = 10.0.40219.1
Project("{8BC9CEB8-8B4A-11D0-8D11-00A0C91BC942}") = "static member", "static member\static member.vcxproj", "{0EDBFE3F-81A4-4103-96E9-C9415992560E}"
EndProject
Project("{8BC9CEB8-8B4A-11D0-8D11-00A0C91BC942}") = "Chainfunction", "Chainfunction\Chainfunction.vcxproj", "{706E0E89-CF2C-4A22-A044-829178B06C4C}"
EndProject
Project("{8BC9CEB8-8B4A-11D0-8D11-00A0C91BC942}") = "konstruktor", "konstruktor\konstruktor.vcxproj", "{E4CBF1B2-C178-45E0-80E8-53158A154683}"
EndProject
Project("{8BC9CEB8-8B4A-11D0-8D11-00A0C91BC942}") = "Destructor", "Destructor\Destructor.vcxproj", "{8A7A99BC-EEA0-40AA-BD55-1C321126F6EE}"
EndProject
Project("{8BC9CEB8-8B4A-11D0-8D11-00A0C91BC942}") = "mbrStatikfunc", "mbrStatikfunc\mbrStatikfunc.vcxproj", "{976A5577-D711-439B-91F5-ED96AEC08011}"
EndProject
Global
	GlobalSection(SolutionConfigurationPlatforms) = preSolution
		Debug|x64 = Debug|x64
		Debug|x86 = Debug|x86
		Release|x64 = Release|x64
		Release|x86 = Release|x86
	EndGlobalSection
	GlobalSection(ProjectConfigurationPlatforms) = postSolution
		{0EDBFE3F-81A4-4103-96E9-C9415992560E}.Debug|x64.ActiveCfg = Debug|x64
		{0EDBFE3F-81A4-4103-96E9-C9415992560E}.Debug|x64.Build.0 = Debug|x64
		{0EDBFE3F-81A4-4103-96E9-C9415992560E}.Debug|x86.ActiveCfg = Debug|Win32
		{0EDBFE3F-81A4-4103-96E9-C9415992560E}.Debug|x86.Build.0 = Debug|Win32
		{0EDBFE3F-81A4-4103-96E9-C9415992560E}.Release|x64.ActiveCfg = Release|x64
		{0EDBFE3F-81A4-4103-96E9-C9415992560E}.Release|x64.Build.0 = Release|x64
		{0EDBFE3F-81A4-4103-96E9-C9415992560E}.Release|x86.ActiveCfg = Release|Win32
		{0EDBFE3F-81A4-4103-96E9-C9415992560E}.Release|x86.Build.0 = Release|Win32
		{706E0E89-CF2C-4A22-A044-829178B06C4C}.Debug|x64.ActiveCfg = Debug|x64
		{706E0E89-CF2C-4A22-A044-829178B06C4C}.Debug|x64.Build.0 = Debug|x64
		{706E0E89-CF2C-4A22-A044-829178B06C4C}.Debug|x86.ActiveCfg = Debug|Win32
		{706E0E89-CF2C-4A22-A044-829178B06C4C}.Debug|x86.Build.0 = Debug|Win32
		{706E0E89-CF2C-4A22-A044-829178B06C4C}.Release|x64.ActiveCfg = Release|x64
		{706E0E89-CF2C-4A22-A044-829178B06C4C}.Release|x64.Build.0 = Release|x64
		{706E0E89-CF2C-4A22-A044-829178B06C4C}.Release|x86.ActiveCfg = Release|Win32
		{706E0E89-CF2C-4A22-A044-829178B06C4C}.Release|x86.Build.0 = Release|Win32
		{E4CBF1B2-C178-45E0-80E8-53158A154683}.Debug|x64.ActiveCfg = Debug|x64
		{E4CBF1B2-C178-45E0-80E8-53158A154683}.Debug|x64.Build.0 = Debug|x64
		{E4CBF1B2-C178-45E0-80E8-53158A154683}.Debug|x86.ActiveCfg = Debug|Win32
		{E4CBF1B2-C178-45E0-80E8-53158A154683}.Debug|x86.Build.0 = Debug|Win32
		{E4CBF1B2-C178-45E0-80E8-53158A154683}.Release|x64.ActiveCfg = Release|x64
		{E4CBF1B2-C178-45E0-80E8-53158A154683}.Release|x64.Build.0 = Release|x64
		{E4CBF1B2-C178-45E0-80E8-53158A154683}.Release|x86.ActiveCfg = Release|Win32
		{E4CBF1B2-C178-45E0-80E8-53158A154683}.Release|x86.Build.0 = Release|Win32
		{8A7A99BC-EEA0-40AA-BD55-1C321126F6EE}.Debug|x64.ActiveCfg = Debug|x64
		{8A7A99BC-EEA0-40AA-BD55-1C321126F6EE}.Debug|x64.Build.0 = Debug|x64
		{8A7A99BC-EEA0-40AA-BD55-1C321126F6EE}.Debug|x86.ActiveCfg = Debug|Win32
		{8A7A99BC-EEA0-40AA-BD55-1C321126F6EE}.Debug|x86.Build.0 = Debug|Win32
		{8A7A99BC-EEA0-40AA-BD55-1C321126F6EE}.Release|x64.ActiveCfg = Release|x64
		{8A7A99BC-EEA0-40AA-BD55-1C321126F6EE}.Release|x64.Build.0 = Release|x64
		{8A7A99BC-EEA0-40AA-BD55-1C321126F6EE}.Release|x86.ActiveCfg = Release|Win32
		{8A7A99BC-EEA0-40AA-BD55-1C321126F6EE}.Release|x86.Build.0 = Release|Win32
		{976A5577-D711-439B-91F5-ED96AEC08011}.Debug|x64.ActiveCfg = Debug|x64
		{976A5577-D711-439B-91F5-ED96AEC08011}.Debug|x64.Build.0 = Debug|x64
		{976A5577-D711-439B-91F5-ED96AEC08011}.Debug|x86.ActiveCfg = Debug|Win32
		{976A5577-D711-439B-91F5-ED96AEC08011}.Debug|x86.Build.0 = Debug|Win32
		{976A5577-D711-439B-91F5-ED96AEC08011}.Release|x64.ActiveCfg = Release|x64
		{976A5577-D711-439B-91F5-ED96AEC08011}.Release|x64.Build.0 = Release|x64
		{976A5577-D711-439B-91F5-ED96AEC08011}.Release|x86.ActiveCfg = Release|Win32
		{976A5577-D711-439B-91F5-ED96AEC08011}.Release|x86.Build.0 = Release|Win32
	EndGlobalSection
	GlobalSection(SolutionProperties) = preSolution
		HideSolutionNode = FALSE
	EndGlobalSection
	GlobalSection(ExtensibilityGlobals) = postSolution
		SolutionGuid = {0CDC8ECE-D6B9-4170-954D-71524FCB8D01}
	EndGlobalSection
EndGlobal
